{
  "lockfileVersion": 1,
  "workspaces": {
    "": {
      "name": "pi-effect",
      "devDependencies": {
        "@effect/language-service": "^0.77.0",
        "turbo": "^2.8.13",
        "typescript": "^5.9.3",
      },
    },
    "packages/agent": {
      "name": "@pi-effect/agent",
      "version": "0.0.1",
      "dependencies": {
        "@pi-effect/ai": "workspace:*",
      },
    },
    "packages/ai": {
      "name": "@pi-effect/ai",
      "version": "0.0.1",
    },
    "packages/coding-agent": {
      "name": "@pi-effect/coding-agent",
      "version": "0.0.1",
      "dependencies": {
        "@pi-effect/agent": "workspace:*",
        "@pi-effect/ai": "workspace:*",
      },
    },
  },
  "packages": {
    "@effect/language-service": ["@effect/language-service@0.77.0", "", { "bin": { "effect-language-service": "cli.js" } }, "sha512-QP2bri8DdcK7Eo+SqFS2yNeD0Ch9kKHYxq2jeE9CaPpBknevCNFb3+hT6qSsPt2P6yOkhNP83KMy5Uk7DGBXlg=="],

    "@pi-effect/agent": ["@pi-effect/agent@workspace:packages/agent"],

    "@pi-effect/ai": ["@pi-effect/ai@workspace:packages/ai"],

    "@pi-effect/coding-agent": ["@pi-effect/coding-agent@workspace:packages/coding-agent"],

    "turbo": ["turbo@2.8.13", "", { "optionalDependencies": { "turbo-darwin-64": "2.8.13", "turbo-darwin-arm64": "2.8.13", "turbo-linux-64": "2.8.13", "turbo-linux-arm64": "2.8.13", "turbo-windows-64": "2.8.13", "turbo-windows-arm64": "2.8.13" }, "bin": { "turbo": "bin/turbo" } }, "sha512-nyM99hwFB9/DHaFyKEqatdayGjsMNYsQ/XBNO6MITc7roncZetKb97MpHxWf3uiU+LB9c9HUlU3Jp2Ixei2k1A=="],

    "turbo-darwin-64": ["turbo-darwin-64@2.8.13", "", { "os": "darwin", "cpu": "x64" }, "sha512-PmOvodQNiOj77+Zwoqku70vwVjKzL34RTNxxoARjp5RU5FOj/CGiC6vcDQhNtFPUOWSAaogHF5qIka9TBhX4XA=="],

    "turbo-darwin-arm64": ["turbo-darwin-arm64@2.8.13", "", { "os": "darwin", "cpu": "arm64" }, "sha512-kI+anKcLIM4L8h+NsM7mtAUpElkCOxv5LgiQVQR8BASyDFfc8Efj5kCk3cqxuxOvIqx0sLfCX7atrHQ2kwuNJQ=="],

    "turbo-linux-64": ["turbo-linux-64@2.8.13", "", { "os": "linux", "cpu": "x64" }, "sha512-j29KnQhHyzdzgCykBFeBqUPS4Wj7lWMnZ8CHqytlYDap4Jy70l4RNG46pOL9+lGu6DepK2s1rE86zQfo0IOdPw=="],

    "turbo-linux-arm64": ["turbo-linux-arm64@2.8.13", "", { "os": "linux", "cpu": "arm64" }, "sha512-OEl1YocXGZDRDh28doOUn49QwNe82kXljO1HXApjU0LapkDiGpfl3jkAlPKxEkGDSYWc8MH5Ll8S16Rf5tEBYg=="],

    "turbo-windows-64": ["turbo-windows-64@2.8.13", "", { "os": "win32", "cpu": "x64" }, "sha512-717bVk1+Pn2Jody7OmWludhEirEe0okoj1NpRbSm5kVZz/yNN/jfjbxWC6ilimXMz7xoMT3IDfQFJsFR3PMANA=="],

    "turbo-windows-arm64": ["turbo-windows-arm64@2.8.13", "", { "os": "win32", "cpu": "arm64" }, "sha512-R819HShLIT0Wj6zWVnIsYvSNtRNj1q9VIyaUz0P24SMcLCbQZIm1sV09F4SDbg+KCCumqD2lcaR2UViQ8SnUJA=="],

    "typescript": ["typescript@5.9.3", "", { "bin": { "tsc": "bin/tsc", "tsserver": "bin/tsserver" } }, "sha512-jl1vZzPDinLr9eUt3J/t7V6FgNEw9QjvBPdysz9KfQDD41fQrC2Y4vKQdiaUpFT4bXlb1RHhLpp8wtm6M5TgSw=="],
  }
}
